// !$*UTF8*$!
{
	archiveVersion = 1;
	classes = {
	};
	objectVersion = 55;
	objects = {

/* Begin PBXBuildFile section */
		810F403328A7F476005A1AE7 /* archiveApp.swift in Sources */ = {isa = PBXBuildFile; fileRef = 810F403228A7F476005A1AE7 /* archiveApp.swift */; };
		810F403528A7F476005A1AE7 /* LoginView.swift in Sources */ = {isa = PBXBuildFile; fileRef = 810F403428A7F476005A1AE7 /* LoginView.swift */; };
		810F403728A7F477005A1AE7 /* Assets.xcassets in Resources */ = {isa = PBXBuildFile; fileRef = 810F403628A7F477005A1AE7 /* Assets.xcassets */; };
		810F403A28A7F477005A1AE7 /* Preview Assets.xcassets in Resources */ = {isa = PBXBuildFile; fileRef = 810F403928A7F477005A1AE7 /* Preview Assets.xcassets */; };
		810F404428A7F477005A1AE7 /* archiveTests.swift in Sources */ = {isa = PBXBuildFile; fileRef = 810F404328A7F477005A1AE7 /* archiveTests.swift */; };
		810F404E28A7F477005A1AE7 /* archiveUITests.swift in Sources */ = {isa = PBXBuildFile; fileRef = 810F404D28A7F477005A1AE7 /* archiveUITests.swift */; };
		810F405028A7F477005A1AE7 /* archiveUITestsLaunchTests.swift in Sources */ = {isa = PBXBuildFile; fileRef = 810F404F28A7F477005A1AE7 /* archiveUITestsLaunchTests.swift */; };
		810F405D28A80154005A1AE7 /* Model.swift in Sources */ = {isa = PBXBuildFile; fileRef = 810F405C28A80154005A1AE7 /* Model.swift */; };
		810F406128A8249B005A1AE7 /* MainContentView.swift in Sources */ = {isa = PBXBuildFile; fileRef = 810F406028A8249B005A1AE7 /* MainContentView.swift */; };
		811835DF294394170010A56D /* AddProductView.swift in Sources */ = {isa = PBXBuildFile; fileRef = 811835DE294394170010A56D /* AddProductView.swift */; };
		8166BA4B28AC163900660EF1 /* SDWebImageSwiftUI in Frameworks */ = {isa = PBXBuildFile; productRef = 8166BA4A28AC163900660EF1 /* SDWebImageSwiftUI */; };
		81C5F17E28E8C6A200BFE466 /* Launch Screen.storyboard in Resources */ = {isa = PBXBuildFile; fileRef = 81C5F17D28E8C6A200BFE466 /* Launch Screen.storyboard */; };
		81C7ED4628AE7298005D75C2 /* Settings.bundle in Resources */ = {isa = PBXBuildFile; fileRef = 81C7ED4528AE7298005D75C2 /* Settings.bundle */; };
		81C9E12428AD074D00061943 /* EditItemView.swift in Sources */ = {isa = PBXBuildFile; fileRef = 81C9E12328AD074D00061943 /* EditItemView.swift */; };
		81D5D62328B044E000E13FE8 /* MultipartFormDataRequest.swift in Sources */ = {isa = PBXBuildFile; fileRef = 81D5D62228B044E000E13FE8 /* MultipartFormDataRequest.swift */; };
		81ECAE4E28AA6B1800EC4C5A /* Authenticator.swift in Sources */ = {isa = PBXBuildFile; fileRef = 81ECAE4D28AA6B1800EC4C5A /* Authenticator.swift */; };
		81ECAE5028AA6BEE00EC4C5A /* RootView.swift in Sources */ = {isa = PBXBuildFile; fileRef = 81ECAE4F28AA6BEE00EC4C5A /* RootView.swift */; };
		81ECAE5228AA939400EC4C5A /* ItemView.swift in Sources */ = {isa = PBXBuildFile; fileRef = 81ECAE5128AA939400EC4C5A /* ItemView.swift */; };
		81F2C24628E88BEF0093AC88 /* UserView.swift in Sources */ = {isa = PBXBuildFile; fileRef = 81F2C24528E88BEF0093AC88 /* UserView.swift */; };
/* End PBXBuildFile section */

/* Begin PBXContainerItemProxy section */
		810F404028A7F477005A1AE7 /* PBXContainerItemProxy */ = {
			isa = PBXContainerItemProxy;
			containerPortal = 810F402728A7F476005A1AE7 /* Project object */;
			proxyType = 1;
			remoteGlobalIDString = 810F402E28A7F476005A1AE7;
			remoteInfo = archive;
		};
		810F404A28A7F477005A1AE7 /* PBXContainerItemProxy */ = {
			isa = PBXContainerItemProxy;
			containerPortal = 810F402728A7F476005A1AE7 /* Project object */;
			proxyType = 1;
			remoteGlobalIDString = 810F402E28A7F476005A1AE7;
			remoteInfo = archive;
		};
/* End PBXContainerItemProxy section */

/* Begin PBXFileReference section */
		810F402F28A7F476005A1AE7 /* archive.app */ = {isa = PBXFileReference; explicitFileType = wrapper.application; includeInIndex = 0; path = archive.app; sourceTree = BUILT_PRODUCTS_DIR; };
		810F403228A7F476005A1AE7 /* archiveApp.swift */ = {isa = PBXFileReference; lastKnownFileType = sourcecode.swift; path = archiveApp.swift; sourceTree = "<group>"; };
		810F403428A7F476005A1AE7 /* LoginView.swift */ = {isa = PBXFileReference; lastKnownFileType = sourcecode.swift; path = LoginView.swift; sourceTree = "<group>"; };
		810F403628A7F477005A1AE7 /* Assets.xcassets */ = {isa = PBXFileReference; lastKnownFileType = folder.assetcatalog; path = Assets.xcassets; sourceTree = "<group>"; };
		810F403928A7F477005A1AE7 /* Preview Assets.xcassets */ = {isa = PBXFileReference; lastKnownFileType = folder.assetcatalog; path = "Preview Assets.xcassets"; sourceTree = "<group>"; };
		810F403F28A7F477005A1AE7 /* archiveTests.xctest */ = {isa = PBXFileReference; explicitFileType = wrapper.cfbundle; includeInIndex = 0; path = archiveTests.xctest; sourceTree = BUILT_PRODUCTS_DIR; };
		810F404328A7F477005A1AE7 /* archiveTests.swift */ = {isa = PBXFileReference; lastKnownFileType = sourcecode.swift; path = archiveTests.swift; sourceTree = "<group>"; };
		810F404928A7F477005A1AE7 /* archiveUITests.xctest */ = {isa = PBXFileReference; explicitFileType = wrapper.cfbundle; includeInIndex = 0; path = archiveUITests.xctest; sourceTree = BUILT_PRODUCTS_DIR; };
		810F404D28A7F477005A1AE7 /* archiveUITests.swift */ = {isa = PBXFileReference; lastKnownFileType = sourcecode.swift; path = archiveUITests.swift; sourceTree = "<group>"; };
		810F404F28A7F477005A1AE7 /* archiveUITestsLaunchTests.swift */ = {isa = PBXFileReference; lastKnownFileType = sourcecode.swift; path = archiveUITestsLaunchTests.swift; sourceTree = "<group>"; };
		810F405C28A80154005A1AE7 /* Model.swift */ = {isa = PBXFileReference; lastKnownFileType = sourcecode.swift; path = Model.swift; sourceTree = "<group>"; };
		810F406028A8249B005A1AE7 /* MainContentView.swift */ = {isa = PBXFileReference; lastKnownFileType = sourcecode.swift; path = MainContentView.swift; sourceTree = "<group>"; };
		811835DE294394170010A56D /* AddProductView.swift */ = {isa = PBXFileReference; lastKnownFileType = sourcecode.swift; path = AddProductView.swift; sourceTree = "<group>"; };
		81C5F17D28E8C6A200BFE466 /* Launch Screen.storyboard */ = {isa = PBXFileReference; lastKnownFileType = file.storyboard; path = "Launch Screen.storyboard"; sourceTree = "<group>"; };
		81C7ED4528AE7298005D75C2 /* Settings.bundle */ = {isa = PBXFileReference; lastKnownFileType = "wrapper.plug-in"; path = Settings.bundle; sourceTree = "<group>"; };
		81C9E12328AD074D00061943 /* EditItemView.swift */ = {isa = PBXFileReference; lastKnownFileType = sourcecode.swift; path = EditItemView.swift; sourceTree = "<group>"; };
		81D5D62228B044E000E13FE8 /* MultipartFormDataRequest.swift */ = {isa = PBXFileReference; lastKnownFileType = sourcecode.swift; path = MultipartFormDataRequest.swift; sourceTree = "<group>"; };
		81ECAE4D28AA6B1800EC4C5A /* Authenticator.swift */ = {isa = PBXFileReference; lastKnownFileType = sourcecode.swift; path = Authenticator.swift; sourceTree = "<group>"; };
		81ECAE4F28AA6BEE00EC4C5A /* RootView.swift */ = {isa = PBXFileReference; lastKnownFileType = sourcecode.swift; path = RootView.swift; sourceTree = "<group>"; };
		81ECAE5128AA939400EC4C5A /* ItemView.swift */ = {isa = PBXFileReference; lastKnownFileType = sourcecode.swift; path = ItemView.swift; sourceTree = "<group>"; };
		81F2C24528E88BEF0093AC88 /* UserView.swift */ = {isa = PBXFileReference; lastKnownFileType = sourcecode.swift; path = UserView.swift; sourceTree = "<group>"; };
/* End PBXFileReference section */

/* Begin PBXFrameworksBuildPhase section */
		810F402C28A7F476005A1AE7 /* Frameworks */ = {
			isa = PBXFrameworksBuildPhase;
			buildActionMask = 2147483647;
			files = (
				8166BA4B28AC163900660EF1 /* SDWebImageSwiftUI in Frameworks */,
			);
			runOnlyForDeploymentPostprocessing = 0;
		};
		810F403C28A7F477005A1AE7 /* Frameworks */ = {
			isa = PBXFrameworksBuildPhase;
			buildActionMask = 2147483647;
			files = (
			);
			runOnlyForDeploymentPostprocessing = 0;
		};
		810F404628A7F477005A1AE7 /* Frameworks */ = {
			isa = PBXFrameworksBuildPhase;
			buildActionMask = 2147483647;
			files = (
			);
			runOnlyForDeploymentPostprocessing = 0;
		};
/* End PBXFrameworksBuildPhase section */

/* Begin PBXGroup section */
		8108488028A9BB51008DED08 /* View */ = {
			isa = PBXGroup;
			children = (
				81ECAE4F28AA6BEE00EC4C5A /* RootView.swift */,
				810F406028A8249B005A1AE7 /* MainContentView.swift */,
				810F403428A7F476005A1AE7 /* LoginView.swift */,
				81ECAE5128AA939400EC4C5A /* ItemView.swift */,
				81C9E12328AD074D00061943 /* EditItemView.swift */,
				81F2C24528E88BEF0093AC88 /* UserView.swift */,
				811835DE294394170010A56D /* AddProductView.swift */,
			);
			path = View;
			sourceTree = "<group>";
		};
		8108488228A9BB82008DED08 /* Model */ = {
			isa = PBXGroup;
			children = (
				810F405C28A80154005A1AE7 /* Model.swift */,
			);
			path = Model;
			sourceTree = "<group>";
		};
		810F402628A7F476005A1AE7 = {
			isa = PBXGroup;
			children = (
				81C5F17D28E8C6A200BFE466 /* Launch Screen.storyboard */,
				81C7ED4528AE7298005D75C2 /* Settings.bundle */,
				810F403128A7F476005A1AE7 /* archive */,
				810F404228A7F477005A1AE7 /* archiveTests */,
				810F404C28A7F477005A1AE7 /* archiveUITests */,
				810F403028A7F476005A1AE7 /* Products */,
			);
			sourceTree = "<group>";
		};
		810F403028A7F476005A1AE7 /* Products */ = {
			isa = PBXGroup;
			children = (
				810F402F28A7F476005A1AE7 /* archive.app */,
				810F403F28A7F477005A1AE7 /* archiveTests.xctest */,
				810F404928A7F477005A1AE7 /* archiveUITests.xctest */,
			);
			name = Products;
			sourceTree = "<group>";
		};
		810F403128A7F476005A1AE7 /* archive */ = {
			isa = PBXGroup;
			children = (
				8166BA4C28AC243C00660EF1 /* Utils */,
				8108488228A9BB82008DED08 /* Model */,
				8108488028A9BB51008DED08 /* View */,
				810F403228A7F476005A1AE7 /* archiveApp.swift */,
				810F403628A7F477005A1AE7 /* Assets.xcassets */,
				810F403828A7F477005A1AE7 /* Preview Content */,
			);
			path = archive;
			sourceTree = "<group>";
		};
		810F403828A7F477005A1AE7 /* Preview Content */ = {
			isa = PBXGroup;
			children = (
				810F403928A7F477005A1AE7 /* Preview Assets.xcassets */,
			);
			path = "Preview Content";
			sourceTree = "<group>";
		};
		810F404228A7F477005A1AE7 /* archiveTests */ = {
			isa = PBXGroup;
			children = (
				810F404328A7F477005A1AE7 /* archiveTests.swift */,
			);
			path = archiveTests;
			sourceTree = "<group>";
		};
		810F404C28A7F477005A1AE7 /* archiveUITests */ = {
			isa = PBXGroup;
			children = (
				810F404D28A7F477005A1AE7 /* archiveUITests.swift */,
				810F404F28A7F477005A1AE7 /* archiveUITestsLaunchTests.swift */,
			);
			path = archiveUITests;
			sourceTree = "<group>";
		};
		8166BA4C28AC243C00660EF1 /* Utils */ = {
			isa = PBXGroup;
			children = (
				81ECAE4D28AA6B1800EC4C5A /* Authenticator.swift */,
				81D5D62228B044E000E13FE8 /* MultipartFormDataRequest.swift */,
			);
			path = Utils;
			sourceTree = "<group>";
		};
/* End PBXGroup section */

/* Begin PBXNativeTarget section */
		810F402E28A7F476005A1AE7 /* archive */ = {
			isa = PBXNativeTarget;
			buildConfigurationList = 810F405328A7F477005A1AE7 /* Build configuration list for PBXNativeTarget "archive" */;
			buildPhases = (
				810F402B28A7F476005A1AE7 /* Sources */,
				810F402C28A7F476005A1AE7 /* Frameworks */,
				810F402D28A7F476005A1AE7 /* Resources */,
			);
			buildRules = (
			);
			dependencies = (
			);
			name = archive;
			packageProductDependencies = (
				8166BA4A28AC163900660EF1 /* SDWebImageSwiftUI */,
			);
			productName = archive;
			productReference = 810F402F28A7F476005A1AE7 /* archive.app */;
			productType = "com.apple.product-type.application";
		};
		810F403E28A7F477005A1AE7 /* archiveTests */ = {
			isa = PBXNativeTarget;
			buildConfigurationList = 810F405628A7F477005A1AE7 /* Build configuration list for PBXNativeTarget "archiveTests" */;
			buildPhases = (
				810F403B28A7F477005A1AE7 /* Sources */,
				810F403C28A7F477005A1AE7 /* Frameworks */,
				810F403D28A7F477005A1AE7 /* Resources */,
			);
			buildRules = (
			);
			dependencies = (
				810F404128A7F477005A1AE7 /* PBXTargetDependency */,
			);
			name = archiveTests;
			productName = archiveTests;
			productReference = 810F403F28A7F477005A1AE7 /* archiveTests.xctest */;
			productType = "com.apple.product-type.bundle.unit-test";
		};
		810F404828A7F477005A1AE7 /* archiveUITests */ = {
			isa = PBXNativeTarget;
			buildConfigurationList = 810F405928A7F477005A1AE7 /* Build configuration list for PBXNativeTarget "archiveUITests" */;
			buildPhases = (
				810F404528A7F477005A1AE7 /* Sources */,
				810F404628A7F477005A1AE7 /* Frameworks */,
				810F404728A7F477005A1AE7 /* Resources */,
			);
			buildRules = (
			);
			dependencies = (
				810F404B28A7F477005A1AE7 /* PBXTargetDependency */,
			);
			name = archiveUITests;
			productName = archiveUITests;
			productReference = 810F404928A7F477005A1AE7 /* archiveUITests.xctest */;
			productType = "com.apple.product-type.bundle.ui-testing";
		};
/* End PBXNativeTarget section */

/* Begin PBXProject section */
		810F402728A7F476005A1AE7 /* Project object */ = {
			isa = PBXProject;
			attributes = {
				BuildIndependentTargetsInParallel = 1;
				LastSwiftUpdateCheck = 1340;
				LastUpgradeCheck = 1340;
				TargetAttributes = {
					810F402E28A7F476005A1AE7 = {
						CreatedOnToolsVersion = 13.4.1;
					};
					810F403E28A7F477005A1AE7 = {
						CreatedOnToolsVersion = 13.4.1;
						TestTargetID = 810F402E28A7F476005A1AE7;
					};
					810F404828A7F477005A1AE7 = {
						CreatedOnToolsVersion = 13.4.1;
						TestTargetID = 810F402E28A7F476005A1AE7;
					};
				};
			};
			buildConfigurationList = 810F402A28A7F476005A1AE7 /* Build configuration list for PBXProject "archive" */;
			compatibilityVersion = "Xcode 13.0";
			developmentRegion = en;
			hasScannedForEncodings = 0;
			knownRegions = (
				en,
				Base,
			);
			mainGroup = 810F402628A7F476005A1AE7;
			packageReferences = (
				8166BA4928AC163900660EF1 /* XCRemoteSwiftPackageReference "SDWebImageSwiftUI" */,
			);
			productRefGroup = 810F403028A7F476005A1AE7 /* Products */;
			projectDirPath = "";
			projectRoot = "";
			targets = (
				810F402E28A7F476005A1AE7 /* archive */,
				810F403E28A7F477005A1AE7 /* archiveTests */,
				810F404828A7F477005A1AE7 /* archiveUITests */,
			);
		};
/* End PBXProject section */

/* Begin PBXResourcesBuildPhase section */
		810F402D28A7F476005A1AE7 /* Resources */ = {
			isa = PBXResourcesBuildPhase;
			buildActionMask = 2147483647;
			files = (
				810F403A28A7F477005A1AE7 /* Preview Assets.xcassets in Resources */,
				81C7ED4628AE7298005D75C2 /* Settings.bundle in Resources */,
				81C5F17E28E8C6A200BFE466 /* Launch Screen.storyboard in Resources */,
				810F403728A7F477005A1AE7 /* Assets.xcassets in Resources */,
			);
			runOnlyForDeploymentPostprocessing = 0;
		};
		810F403D28A7F477005A1AE7 /* Resources */ = {
			isa = PBXResourcesBuildPhase;
			buildActionMask = 2147483647;
			files = (
			);
			runOnlyForDeploymentPostprocessing = 0;
		};
		810F404728A7F477005A1AE7 /* Resources */ = {
			isa = PBXResourcesBuildPhase;
			buildActionMask = 2147483647;
			files = (
			);
			runOnlyForDeploymentPostprocessing = 0;
		};
/* End PBXResourcesBuildPhase section */

/* Begin PBXSourcesBuildPhase section */
		810F402B28A7F476005A1AE7 /* Sources */ = {
			isa = PBXSourcesBuildPhase;
			buildActionMask = 2147483647;
			files = (
				81ECAE4E28AA6B1800EC4C5A /* Authenticator.swift in Sources */,
				810F405D28A80154005A1AE7 /* Model.swift in Sources */,
				81ECAE5028AA6BEE00EC4C5A /* RootView.swift in Sources */,
				810F403528A7F476005A1AE7 /* LoginView.swift in Sources */,
				81ECAE5228AA939400EC4C5A /* ItemView.swift in Sources */,
				811835DF294394170010A56D /* AddProductView.swift in Sources */,
				81D5D62328B044E000E13FE8 /* MultipartFormDataRequest.swift in Sources */,
				810F403328A7F476005A1AE7 /* archiveApp.swift in Sources */,
				81F2C24628E88BEF0093AC88 /* UserView.swift in Sources */,
				810F406128A8249B005A1AE7 /* MainContentView.swift in Sources */,
				81C9E12428AD074D00061943 /* EditItemView.swift in Sources */,
			);
			runOnlyForDeploymentPostprocessing = 0;
		};
		810F403B28A7F477005A1AE7 /* Sources */ = {
			isa = PBXSourcesBuildPhase;
			buildActionMask = 2147483647;
			files = (
				810F404428A7F477005A1AE7 /* archiveTests.swift in Sources */,
			);
			runOnlyForDeploymentPostprocessing = 0;
		};
		810F404528A7F477005A1AE7 /* Sources */ = {
			isa = PBXSourcesBuildPhase;
			buildActionMask = 2147483647;
			files = (
				810F404E28A7F477005A1AE7 /* archiveUITests.swift in Sources */,
				810F405028A7F477005A1AE7 /* archiveUITestsLaunchTests.swift in Sources */,
			);
			runOnlyForDeploymentPostprocessing = 0;
		};
/* End PBXSourcesBuildPhase section */

/* Begin PBXTargetDependency section */
		810F404128A7F477005A1AE7 /* PBXTargetDependency */ = {
			isa = PBXTargetDependency;
			target = 810F402E28A7F476005A1AE7 /* archive */;
			targetProxy = 810F404028A7F477005A1AE7 /* PBXContainerItemProxy */;
		};
		810F404B28A7F477005A1AE7 /* PBXTargetDependency */ = {
			isa = PBXTargetDependency;
			target = 810F402E28A7F476005A1AE7 /* archive */;
			targetProxy = 810F404A28A7F477005A1AE7 /* PBXContainerItemProxy */;
		};
/* End PBXTargetDependency section */

/* Begin XCBuildConfiguration section */
		810F405128A7F477005A1AE7 /* Debug */ = {
			isa = XCBuildConfiguration;
			buildSettings = {
				ALWAYS_SEARCH_USER_PATHS = NO;
				CLANG_ANALYZER_NONNULL = YES;
				CLANG_ANALYZER_NUMBER_OBJECT_CONVERSION = YES_AGGRESSIVE;
				CLANG_CXX_LANGUAGE_STANDARD = "gnu++17";
				CLANG_ENABLE_MODULES = YES;
				CLANG_ENABLE_OBJC_ARC = YES;
				CLANG_ENABLE_OBJC_WEAK = YES;
				CLANG_WARN_BLOCK_CAPTURE_AUTORELEASING = YES;
				CLANG_WARN_BOOL_CONVERSION = YES;
				CLANG_WARN_COMMA = YES;
				CLANG_WARN_CONSTANT_CONVERSION = YES;
				CLANG_WARN_DEPRECATED_OBJC_IMPLEMENTATIONS = YES;
				CLANG_WARN_DIRECT_OBJC_ISA_USAGE = YES_ERROR;
				CLANG_WARN_DOCUMENTATION_COMMENTS = YES;
				CLANG_WARN_EMPTY_BODY = YES;
				CLANG_WARN_ENUM_CONVERSION = YES;
				CLANG_WARN_INFINITE_RECURSION = YES;
				CLANG_WARN_INT_CONVERSION = YES;
				CLANG_WARN_NON_LITERAL_NULL_CONVERSION = YES;
				CLANG_WARN_OBJC_IMPLICIT_RETAIN_SELF = YES;
				CLANG_WARN_OBJC_LITERAL_CONVERSION = YES;
				CLANG_WARN_OBJC_ROOT_CLASS = YES_ERROR;
				CLANG_WARN_QUOTED_INCLUDE_IN_FRAMEWORK_HEADER = YES;
				CLANG_WARN_RANGE_LOOP_ANALYSIS = YES;
				CLANG_WARN_STRICT_PROTOTYPES = YES;
				CLANG_WARN_SUSPICIOUS_MOVE = YES;
				CLANG_WARN_UNGUARDED_AVAILABILITY = YES_AGGRESSIVE;
				CLANG_WARN_UNREACHABLE_CODE = YES;
				CLANG_WARN__DUPLICATE_METHOD_MATCH = YES;
				COPY_PHASE_STRIP = NO;
				DEBUG_INFORMATION_FORMAT = dwarf;
				ENABLE_STRICT_OBJC_MSGSEND = YES;
				ENABLE_TESTABILITY = YES;
				GCC_C_LANGUAGE_STANDARD = gnu11;
				GCC_DYNAMIC_NO_PIC = NO;
				GCC_NO_COMMON_BLOCKS = YES;
				GCC_OPTIMIZATION_LEVEL = 0;
				GCC_PREPROCESSOR_DEFINITIONS = (
					"DEBUG=1",
					"$(inherited)",
				);
				GCC_WARN_64_TO_32_BIT_CONVERSION = YES;
				GCC_WARN_ABOUT_RETURN_TYPE = YES_ERROR;
				GCC_WARN_UNDECLARED_SELECTOR = YES;
				GCC_WARN_UNINITIALIZED_AUTOS = YES_AGGRESSIVE;
				GCC_WARN_UNUSED_FUNCTION = YES;
				GCC_WARN_UNUSED_VARIABLE = YES;
				IPHONEOS_DEPLOYMENT_TARGET = 15.5;
				MTL_ENABLE_DEBUG_INFO = INCLUDE_SOURCE;
				MTL_FAST_MATH = YES;
				ONLY_ACTIVE_ARCH = YES;
				SDKROOT = iphoneos;
				SWIFT_ACTIVE_COMPILATION_CONDITIONS = DEBUG;
				SWIFT_OPTIMIZATION_LEVEL = "-Onone";
			};
			name = Debug;
		};
		810F405228A7F477005A1AE7 /* Release */ = {
			isa = XCBuildConfiguration;
			buildSettings = {
				ALWAYS_SEARCH_USER_PATHS = NO;
				CLANG_ANALYZER_NONNULL = YES;
				CLANG_ANALYZER_NUMBER_OBJECT_CONVERSION = YES_AGGRESSIVE;
				CLANG_CXX_LANGUAGE_STANDARD = "gnu++17";
				CLANG_ENABLE_MODULES = YES;
				CLANG_ENABLE_OBJC_ARC = YES;
				CLANG_ENABLE_OBJC_WEAK = YES;
				CLANG_WARN_BLOCK_CAPTURE_AUTORELEASING = YES;
				CLANG_WARN_BOOL_CONVERSION = YES;
				CLANG_WARN_COMMA = YES;
				CLANG_WARN_CONSTANT_CONVERSION = YES;
				CLANG_WARN_DEPRECATED_OBJC_IMPLEMENTATIONS = YES;
				CLANG_WARN_DIRECT_OBJC_ISA_USAGE = YES_ERROR;
				CLANG_WARN_DOCUMENTATION_COMMENTS = YES;
				CLANG_WARN_EMPTY_BODY = YES;
				CLANG_WARN_ENUM_CONVERSION = YES;
				CLANG_WARN_INFINITE_RECURSION = YES;
				CLANG_WARN_INT_CONVERSION = YES;
				CLANG_WARN_NON_LITERAL_NULL_CONVERSION = YES;
				CLANG_WARN_OBJC_IMPLICIT_RETAIN_SELF = YES;
				CLANG_WARN_OBJC_LITERAL_CONVERSION = YES;
				CLANG_WARN_OBJC_ROOT_CLASS = YES_ERROR;
				CLANG_WARN_QUOTED_INCLUDE_IN_FRAMEWORK_HEADER = YES;
				CLANG_WARN_RANGE_LOOP_ANALYSIS = YES;
				CLANG_WARN_STRICT_PROTOTYPES = YES;
				CLANG_WARN_SUSPICIOUS_MOVE = YES;
				CLANG_WARN_UNGUARDED_AVAILABILITY = YES_AGGRESSIVE;
				CLANG_WARN_UNREACHABLE_CODE = YES;
				CLANG_WARN__DUPLICATE_METHOD_MATCH = YES;
				COPY_PHASE_STRIP = NO;
				DEBUG_INFORMATION_FORMAT = "dwarf-with-dsym";
				ENABLE_NS_ASSERTIONS = NO;
				ENABLE_STRICT_OBJC_MSGSEND = YES;
				GCC_C_LANGUAGE_STANDARD = gnu11;
				GCC_NO_COMMON_BLOCKS = YES;
				GCC_WARN_64_TO_32_BIT_CONVERSION = YES;
				GCC_WARN_ABOUT_RETURN_TYPE = YES_ERROR;
				GCC_WARN_UNDECLARED_SELECTOR = YES;
				GCC_WARN_UNINITIALIZED_AUTOS = YES_AGGRESSIVE;
				GCC_WARN_UNUSED_FUNCTION = YES;
				GCC_WARN_UNUSED_VARIABLE = YES;
				IPHONEOS_DEPLOYMENT_TARGET = 15.5;
				MTL_ENABLE_DEBUG_INFO = NO;
				MTL_FAST_MATH = YES;
				SDKROOT = iphoneos;
				SWIFT_COMPILATION_MODE = wholemodule;
				SWIFT_OPTIMIZATION_LEVEL = "-O";
				VALIDATE_PRODUCT = YES;
			};
			name = Release;
		};
		810F405428A7F477005A1AE7 /* Debug */ = {
			isa = XCBuildConfiguration;
			buildSettings = {
				ASSETCATALOG_COMPILER_APPICON_NAME = AppIcon;
				ASSETCATALOG_COMPILER_GLOBAL_ACCENT_COLOR_NAME = AccentColor;
				CODE_SIGN_IDENTITY = "Apple Development";
				CODE_SIGN_STYLE = Automatic;
				CURRENT_PROJECT_VERSION = 3;
				DEVELOPMENT_ASSET_PATHS = "\"archive/Preview Content\"";
				DEVELOPMENT_TEAM = DY8J554MX2;
				ENABLE_PREVIEWS = YES;
				GENERATE_INFOPLIST_FILE = YES;
				INFOPLIST_KEY_CFBundleDisplayName = Archive;
				INFOPLIST_KEY_LSApplicationCategoryType = "public.app-category.utilities";
				INFOPLIST_KEY_UIApplicationSceneManifest_Generation = YES;
				INFOPLIST_KEY_UIApplicationSupportsIndirectInputEvents = YES;
				INFOPLIST_KEY_UILaunchScreen_Generation = YES;
				INFOPLIST_KEY_UILaunchStoryboardName = "Launch Screen.storyboard";
				INFOPLIST_KEY_UISupportedInterfaceOrientations_iPad = "UIInterfaceOrientationPortrait UIInterfaceOrientationPortraitUpsideDown UIInterfaceOrientationLandscapeLeft UIInterfaceOrientationLandscapeRight";
				INFOPLIST_KEY_UISupportedInterfaceOrientations_iPhone = "UIInterfaceOrientationPortrait UIInterfaceOrientationLandscapeLeft UIInterfaceOrientationLandscapeRight";
				LD_RUNPATH_SEARCH_PATHS = (
					"$(inherited)",
					"@executable_path/Frameworks",
				);
				MARKETING_VERSION = 1.0;
				PRODUCT_BUNDLE_IDENTIFIER = com.bottyivan.arc;
				PRODUCT_NAME = archive;
				PROVISIONING_PROFILE_SPECIFIER = "";
				SWIFT_EMIT_LOC_STRINGS = YES;
				SWIFT_VERSION = 5.0;
				TARGETED_DEVICE_FAMILY = "1,2";
			};
			name = Debug;
		};
		810F405528A7F477005A1AE7 /* Release */ = {
			isa = XCBuildConfiguration;
			buildSettings = {
				ASSETCATALOG_COMPILER_APPICON_NAME = AppIcon;
				ASSETCATALOG_COMPILER_GLOBAL_ACCENT_COLOR_NAME = AccentColor;
				CODE_SIGN_IDENTITY = "Apple Development";
				CODE_SIGN_STYLE = Automatic;
				CURRENT_PROJECT_VERSION = 3;
				DEVELOPMENT_ASSET_PATHS = "\"archive/Preview Content\"";
				DEVELOPMENT_TEAM = DY8J554MX2;
				ENABLE_PREVIEWS = YES;
				GENERATE_INFOPLIST_FILE = YES;
				INFOPLIST_KEY_CFBundleDisplayName = Archive;
				INFOPLIST_KEY_LSApplicationCategoryType = "public.app-category.utilities";
				INFOPLIST_KEY_UIApplicationSceneManifest_Generation = YES;
				INFOPLIST_KEY_UIApplicationSupportsIndirectInputEvents = YES;
				INFOPLIST_KEY_UILaunchScreen_Generation = YES;
				INFOPLIST_KEY_UILaunchStoryboardName = "Launch Screen.storyboard";
				INFOPLIST_KEY_UISupportedInterfaceOrientations_iPad = "UIInterfaceOrientationPortrait UIInterfaceOrientationPortraitUpsideDown UIInterfaceOrientationLandscapeLeft UIInterfaceOrientationLandscapeRight";
				INFOPLIST_KEY_UISupportedInterfaceOrientations_iPhone = "UIInterfaceOrientationPortrait UIInterfaceOrientationLandscapeLeft UIInterfaceOrientationLandscapeRight";
				LD_RUNPATH_SEARCH_PATHS = (
					"$(inherited)",
					"@executable_path/Frameworks",
				);
				MARKETING_VERSION = 1.0;
				PRODUCT_BUNDLE_IDENTIFIER = com.bottyivan.arc;
				PRODUCT_NAME = archive;
				PROVISIONING_PROFILE_SPECIFIER = "";
				SWIFT_EMIT_LOC_STRINGS = YES;
				SWIFT_VERSION = 5.0;
				TARGETED_DEVICE_FAMILY = "1,2";
			};
			name = Release;
		};
		810F405728A7F477005A1AE7 /* Debug */ = {
			isa = XCBuildConfiguration;
			buildSettings = {
				ALWAYS_EMBED_SWIFT_STANDARD_LIBRARIES = YES;
				BUNDLE_LOADER = "$(TEST_HOST)";
				CODE_SIGN_STYLE = Automatic;
				CURRENT_PROJECT_VERSION = 1;
				DEVELOPMENT_TEAM = DY8J554MX2;
				GENERATE_INFOPLIST_FILE = YES;
				IPHONEOS_DEPLOYMENT_TARGET = 15.5;
				MARKETING_VERSION = 1.0;
				PRODUCT_BUNDLE_IDENTIFIER = com.bottyivan.archiveTests;
				PRODUCT_NAME = "$(TARGET_NAME)";
				SWIFT_EMIT_LOC_STRINGS = NO;
				SWIFT_VERSION = 5.0;
				TARGETED_DEVICE_FAMILY = "1,2";
				TEST_HOST = "$(BUILT_PRODUCTS_DIR)/archive.app/archive";
			};
			name = Debug;
		};
		810F405828A7F477005A1AE7 /* Release */ = {
			isa = XCBuildConfiguration;
			buildSettings = {
				ALWAYS_EMBED_SWIFT_STANDARD_LIBRARIES = YES;
				BUNDLE_LOADER = "$(TEST_HOST)";
				CODE_SIGN_STYLE = Automatic;
				CURRENT_PROJECT_VERSION = 1;
				DEVELOPMENT_TEAM = DY8J554MX2;
				GENERATE_INFOPLIST_FILE = YES;
				IPHONEOS_DEPLOYMENT_TARGET = 15.5;
				MARKETING_VERSION = 1.0;
				PRODUCT_BUNDLE_IDENTIFIER = com.bottyivan.archiveTests;
				PRODUCT_NAME = "$(TARGET_NAME)";
				SWIFT_EMIT_LOC_STRINGS = NO;
				SWIFT_VERSION = 5.0;
				TARGETED_DEVICE_FAMILY = "1,2";
				TEST_HOST = "$(BUILT_PRODUCTS_DIR)/archive.app/archive";
			};
			name = Release;
		};
		810F405A28A7F477005A1AE7 /* Debug */ = {
			isa = XCBuildConfiguration;
			buildSettings = {
				ALWAYS_EMBED_SWIFT_STANDARD_LIBRARIES = YES;
				CODE_SIGN_STYLE = Automatic;
				CURRENT_PROJECT_VERSION = 1;
				DEVELOPMENT_TEAM = DY8J554MX2;
				GENERATE_INFOPLIST_FILE = YES;
				MARKETING_VERSION = 1.0;
				PRODUCT_BUNDLE_IDENTIFIER = com.bottyivan.archiveUITests;
				PRODUCT_NAME = "$(TARGET_NAME)";
				SWIFT_EMIT_LOC_STRINGS = NO;
				SWIFT_VERSION = 5.0;
				TARGETED_DEVICE_FAMILY = "1,2";
				TEST_TARGET_NAME = archive;
			};
			name = Debug;
		};
		810F405B28A7F477005A1AE7 /* Release */ = {
			isa = XCBuildConfiguration;
			buildSettings = {
				ALWAYS_EMBED_SWIFT_STANDARD_LIBRARIES = YES;
				CODE_SIGN_STYLE = Automatic;
				CURRENT_PROJECT_VERSION = 1;
				DEVELOPMENT_TEAM = DY8J554MX2;
				GENERATE_INFOPLIST_FILE = YES;
				MARKETING_VERSION = 1.0;
				PRODUCT_BUNDLE_IDENTIFIER = com.bottyivan.archiveUITests;
				PRODUCT_NAME = "$(TARGET_NAME)";
				SWIFT_EMIT_LOC_STRINGS = NO;
				SWIFT_VERSION = 5.0;
				TARGETED_DEVICE_FAMILY = "1,2";
				TEST_TARGET_NAME = archive;
			};
			name = Release;
		};
/* End XCBuildConfiguration section */

/* Begin XCConfigurationList section */
		810F402A28A7F476005A1AE7 /* Build configuration list for PBXProject "archive" */ = {
			isa = XCConfigurationList;
			buildConfigurations = (
				810F405128A7F477005A1AE7 /* Debug */,
				810F405228A7F477005A1AE7 /* Release */,
			);
			defaultConfigurationIsVisible = 0;
			defaultConfigurationName = Release;
		};
		810F405328A7F477005A1AE7 /* Build configuration list for PBXNativeTarget "archive" */ = {
			isa = XCConfigurationList;
			buildConfigurations = (
				810F405428A7F477005A1AE7 /* Debug */,
				810F405528A7F477005A1AE7 /* Release */,
			);
			defaultConfigurationIsVisible = 0;
			defaultConfigurationName = Release;
		};
		810F405628A7F477005A1AE7 /* Build configuration list for PBXNativeTarget "archiveTests" */ = {
			isa = XCConfigurationList;
			buildConfigurations = (
				810F405728A7F477005A1AE7 /* Debug */,
				810F405828A7F477005A1AE7 /* Release */,
			);
			defaultConfigurationIsVisible = 0;
			defaultConfigurationName = Release;
		};
		810F405928A7F477005A1AE7 /* Build configuration list for PBXNativeTarget "archiveUITests" */ = {
			isa = XCConfigurationList;
			buildConfigurations = (
				810F405A28A7F477005A1AE7 /* Debug */,
				810F405B28A7F477005A1AE7 /* Release */,
			);
			defaultConfigurationIsVisible = 0;
			defaultConfigurationName = Release;
		};
/* End XCConfigurationList section */

/* Begin XCRemoteSwiftPackageReference section */
		8166BA4928AC163900660EF1 /* XCRemoteSwiftPackageReference "SDWebImageSwiftUI" */ = {
			isa = XCRemoteSwiftPackageReference;
			repositoryURL = "https://github.com/SDWebImage/SDWebImageSwiftUI";
			requirement = {
				kind = upToNextMajorVersion;
				minimumVersion = 2.0.0;
			};
		};
/* End XCRemoteSwiftPackageReference section */

/* Begin XCSwiftPackageProductDependency section */
		8166BA4A28AC163900660EF1 /* SDWebImageSwiftUI */ = {
			isa = XCSwiftPackageProductDependency;
			package = 8166BA4928AC163900660EF1 /* XCRemoteSwiftPackageReference "SDWebImageSwiftUI" */;
			productName = SDWebImageSwiftUI;
		};
/* End XCSwiftPackageProductDependency section */
	};
	rootObject = 810F402728A7F476005A1AE7 /* Project object */;
}
